// !$*UTF8*$!
{
	archiveVersion = 1;
	classes = {
	};
	objectVersion = 52;
	objects = {

/* Begin PBXBuildFile section */
		4305FB6923EA9C3B009B70C2 /* AuthViewModel.swift in Sources */ = {isa = PBXBuildFile; fileRef = 4305FB6823EA9C3B009B70C2 /* AuthViewModel.swift */; };
		4305FB6B23EAB89F009B70C2 /* GoogleService-Info.plist in Resources */ = {isa = PBXBuildFile; fileRef = 4305FB6A23EAB89F009B70C2 /* GoogleService-Info.plist */; };
		433F154F23E73B3D009326C9 /* HabitsViewModel.swift in Sources */ = {isa = PBXBuildFile; fileRef = 433F154E23E73B3D009326C9 /* HabitsViewModel.swift */; };
		437042F423FC926E003FB522 /* CreateHabitView.swift in Sources */ = {isa = PBXBuildFile; fileRef = 437042F323FC926E003FB522 /* CreateHabitView.swift */; };
		437042F623FC96DD003FB522 /* TemplateListView.swift in Sources */ = {isa = PBXBuildFile; fileRef = 437042F523FC96DD003FB522 /* TemplateListView.swift */; };
		4379A35D23FE972D00B11F5C /* User.swift in Sources */ = {isa = PBXBuildFile; fileRef = 4379A35C23FE972D00B11F5C /* User.swift */; };
		4379A35F23FEA90F00B11F5C /* FirebaseSession.swift in Sources */ = {isa = PBXBuildFile; fileRef = 4379A35E23FEA90F00B11F5C /* FirebaseSession.swift */; };
		4379A36123FEB2B700B11F5C /* LoginView.swift in Sources */ = {isa = PBXBuildFile; fileRef = 4379A36023FEB2B700B11F5C /* LoginView.swift */; };
		437B9B0523E56EAB000A8472 /* AppDelegate.swift in Sources */ = {isa = PBXBuildFile; fileRef = 437B9B0423E56EAB000A8472 /* AppDelegate.swift */; };
		437B9B0723E56EAB000A8472 /* SceneDelegate.swift in Sources */ = {isa = PBXBuildFile; fileRef = 437B9B0623E56EAB000A8472 /* SceneDelegate.swift */; };
		437B9B0A23E56EAC000A8472 /* HabitTracker.xcdatamodeld in Sources */ = {isa = PBXBuildFile; fileRef = 437B9B0823E56EAC000A8472 /* HabitTracker.xcdatamodeld */; };
		437B9B0C23E56EAC000A8472 /* ContentView.swift in Sources */ = {isa = PBXBuildFile; fileRef = 437B9B0B23E56EAC000A8472 /* ContentView.swift */; };
		437B9B0E23E56EAD000A8472 /* Assets.xcassets in Resources */ = {isa = PBXBuildFile; fileRef = 437B9B0D23E56EAD000A8472 /* Assets.xcassets */; };
		437B9B1123E56EAD000A8472 /* Preview Assets.xcassets in Resources */ = {isa = PBXBuildFile; fileRef = 437B9B1023E56EAD000A8472 /* Preview Assets.xcassets */; };
		437B9B1423E56EAD000A8472 /* LaunchScreen.storyboard in Resources */ = {isa = PBXBuildFile; fileRef = 437B9B1223E56EAD000A8472 /* LaunchScreen.storyboard */; };
		437B9B1F23E56EAD000A8472 /* HabitTrackerTests.swift in Sources */ = {isa = PBXBuildFile; fileRef = 437B9B1E23E56EAD000A8472 /* HabitTrackerTests.swift */; };
		437B9B2A23E56EAD000A8472 /* HabitTrackerUITests.swift in Sources */ = {isa = PBXBuildFile; fileRef = 437B9B2923E56EAD000A8472 /* HabitTrackerUITests.swift */; };
		437B9B3923E5710E000A8472 /* HabitDetailView.swift in Sources */ = {isa = PBXBuildFile; fileRef = 437B9B3823E5710E000A8472 /* HabitDetailView.swift */; };
		437B9B3B23E57127000A8472 /* HabitCellView.swift in Sources */ = {isa = PBXBuildFile; fileRef = 437B9B3A23E57127000A8472 /* HabitCellView.swift */; };
		437B9B3D23E57148000A8472 /* HabitListView.swift in Sources */ = {isa = PBXBuildFile; fileRef = 437B9B3C23E57148000A8472 /* HabitListView.swift */; };
		437B9B3F23E57240000A8472 /* Habit.swift in Sources */ = {isa = PBXBuildFile; fileRef = 437B9B3E23E57240000A8472 /* Habit.swift */; };
		43834D7523EC51B600A85429 /* SwiftUICharts in Frameworks */ = {isa = PBXBuildFile; productRef = 43834D7423EC51B600A85429 /* SwiftUICharts */; };
		43834D7723EC520D00A85429 /* StatisticsView.swift in Sources */ = {isa = PBXBuildFile; fileRef = 43834D7623EC520D00A85429 /* StatisticsView.swift */; };
		438C4E5F23E85D48009FC44F /* SettingListView.swift in Sources */ = {isa = PBXBuildFile; fileRef = 438C4E5E23E85D48009FC44F /* SettingListView.swift */; };
		438C4E6123E85D6F009FC44F /* SetingCellView.swift in Sources */ = {isa = PBXBuildFile; fileRef = 438C4E6023E85D6F009FC44F /* SetingCellView.swift */; };
		438C4E6323E85E35009FC44F /* SettingItem.swift in Sources */ = {isa = PBXBuildFile; fileRef = 438C4E6223E85E35009FC44F /* SettingItem.swift */; };
		5D868FDF9AA06DE36BC60F6A /* Pods_HabitTracker_HabitTrackerUITests.framework in Frameworks */ = {isa = PBXBuildFile; fileRef = C91903FB832AC069BAE4C121 /* Pods_HabitTracker_HabitTrackerUITests.framework */; };
		D14A5FB2041D7DE9838CF51B /* Pods_HabitTracker.framework in Frameworks */ = {isa = PBXBuildFile; fileRef = FDE7FE0E77017060B0437857 /* Pods_HabitTracker.framework */; };
		E5B1FC8B87C2E0DF4D810725 /* Pods_HabitTrackerTests.framework in Frameworks */ = {isa = PBXBuildFile; fileRef = 81818059DD405A9AF73B6F33 /* Pods_HabitTrackerTests.framework */; };
/* End PBXBuildFile section */

/* Begin PBXContainerItemProxy section */
		438C4E5A23E84E8D009FC44F /* PBXContainerItemProxy */ = {
			isa = PBXContainerItemProxy;
			containerPortal = 437B9AF923E56EAB000A8472 /* Project object */;
			proxyType = 1;
			remoteGlobalIDString = 437B9B0023E56EAB000A8472;
			remoteInfo = HabitTracker;
		};
		438C4E5C23E84E92009FC44F /* PBXContainerItemProxy */ = {
			isa = PBXContainerItemProxy;
			containerPortal = 437B9AF923E56EAB000A8472 /* Project object */;
			proxyType = 1;
			remoteGlobalIDString = 437B9B0023E56EAB000A8472;
			remoteInfo = HabitTracker;
		};
/* End PBXContainerItemProxy section */

/* Begin PBXFileReference section */
		2A872AA133DB7571C5748812 /* Pods-HabitTracker.debug.xcconfig */ = {isa = PBXFileReference; includeInIndex = 1; lastKnownFileType = text.xcconfig; name = "Pods-HabitTracker.debug.xcconfig"; path = "Target Support Files/Pods-HabitTracker/Pods-HabitTracker.debug.xcconfig"; sourceTree = "<group>"; };
		4305FB6823EA9C3B009B70C2 /* AuthViewModel.swift */ = {isa = PBXFileReference; lastKnownFileType = sourcecode.swift; path = AuthViewModel.swift; sourceTree = "<group>"; };
		4305FB6A23EAB89F009B70C2 /* GoogleService-Info.plist */ = {isa = PBXFileReference; fileEncoding = 4; lastKnownFileType = text.plist.xml; path = "GoogleService-Info.plist"; sourceTree = "<group>"; };
		433F154E23E73B3D009326C9 /* HabitsViewModel.swift */ = {isa = PBXFileReference; lastKnownFileType = sourcecode.swift; path = HabitsViewModel.swift; sourceTree = "<group>"; };
		437042F323FC926E003FB522 /* CreateHabitView.swift */ = {isa = PBXFileReference; lastKnownFileType = sourcecode.swift; path = CreateHabitView.swift; sourceTree = "<group>"; };
		437042F523FC96DD003FB522 /* TemplateListView.swift */ = {isa = PBXFileReference; lastKnownFileType = sourcecode.swift; path = TemplateListView.swift; sourceTree = "<group>"; };
		4379A35C23FE972D00B11F5C /* User.swift */ = {isa = PBXFileReference; lastKnownFileType = sourcecode.swift; path = User.swift; sourceTree = "<group>"; };
		4379A35E23FEA90F00B11F5C /* FirebaseSession.swift */ = {isa = PBXFileReference; lastKnownFileType = sourcecode.swift; path = FirebaseSession.swift; sourceTree = "<group>"; };
		4379A36023FEB2B700B11F5C /* LoginView.swift */ = {isa = PBXFileReference; lastKnownFileType = sourcecode.swift; path = LoginView.swift; sourceTree = "<group>"; };
		437B9B0123E56EAB000A8472 /* Habit Tracker.app */ = {isa = PBXFileReference; explicitFileType = wrapper.application; includeInIndex = 0; path = "Habit Tracker.app"; sourceTree = BUILT_PRODUCTS_DIR; };
		437B9B0423E56EAB000A8472 /* AppDelegate.swift */ = {isa = PBXFileReference; lastKnownFileType = sourcecode.swift; path = AppDelegate.swift; sourceTree = "<group>"; };
		437B9B0623E56EAB000A8472 /* SceneDelegate.swift */ = {isa = PBXFileReference; lastKnownFileType = sourcecode.swift; path = SceneDelegate.swift; sourceTree = "<group>"; };
		437B9B0923E56EAC000A8472 /* HabitTracker.xcdatamodel */ = {isa = PBXFileReference; lastKnownFileType = wrapper.xcdatamodel; path = HabitTracker.xcdatamodel; sourceTree = "<group>"; };
		437B9B0B23E56EAC000A8472 /* ContentView.swift */ = {isa = PBXFileReference; lastKnownFileType = sourcecode.swift; path = ContentView.swift; sourceTree = "<group>"; };
		437B9B0D23E56EAD000A8472 /* Assets.xcassets */ = {isa = PBXFileReference; lastKnownFileType = folder.assetcatalog; path = Assets.xcassets; sourceTree = "<group>"; };
		437B9B1023E56EAD000A8472 /* Preview Assets.xcassets */ = {isa = PBXFileReference; lastKnownFileType = folder.assetcatalog; path = "Preview Assets.xcassets"; sourceTree = "<group>"; };
		437B9B1323E56EAD000A8472 /* Base */ = {isa = PBXFileReference; lastKnownFileType = file.storyboard; name = Base; path = Base.lproj/LaunchScreen.storyboard; sourceTree = "<group>"; };
		437B9B1523E56EAD000A8472 /* Info.plist */ = {isa = PBXFileReference; lastKnownFileType = text.plist.xml; path = Info.plist; sourceTree = "<group>"; };
		437B9B1A23E56EAD000A8472 /* HabitTrackerTests.xctest */ = {isa = PBXFileReference; explicitFileType = wrapper.cfbundle; includeInIndex = 0; path = HabitTrackerTests.xctest; sourceTree = BUILT_PRODUCTS_DIR; };
		437B9B1E23E56EAD000A8472 /* HabitTrackerTests.swift */ = {isa = PBXFileReference; lastKnownFileType = sourcecode.swift; path = HabitTrackerTests.swift; sourceTree = "<group>"; };
		437B9B2023E56EAD000A8472 /* Info.plist */ = {isa = PBXFileReference; lastKnownFileType = text.plist.xml; path = Info.plist; sourceTree = "<group>"; };
		437B9B2523E56EAD000A8472 /* HabitTrackerUITests.xctest */ = {isa = PBXFileReference; explicitFileType = wrapper.cfbundle; includeInIndex = 0; path = HabitTrackerUITests.xctest; sourceTree = BUILT_PRODUCTS_DIR; };
		437B9B2923E56EAD000A8472 /* HabitTrackerUITests.swift */ = {isa = PBXFileReference; lastKnownFileType = sourcecode.swift; path = HabitTrackerUITests.swift; sourceTree = "<group>"; };
		437B9B2B23E56EAD000A8472 /* Info.plist */ = {isa = PBXFileReference; lastKnownFileType = text.plist.xml; path = Info.plist; sourceTree = "<group>"; };
		437B9B3823E5710E000A8472 /* HabitDetailView.swift */ = {isa = PBXFileReference; lastKnownFileType = sourcecode.swift; path = HabitDetailView.swift; sourceTree = "<group>"; };
		437B9B3A23E57127000A8472 /* HabitCellView.swift */ = {isa = PBXFileReference; lastKnownFileType = sourcecode.swift; path = HabitCellView.swift; sourceTree = "<group>"; };
		437B9B3C23E57148000A8472 /* HabitListView.swift */ = {isa = PBXFileReference; lastKnownFileType = sourcecode.swift; path = HabitListView.swift; sourceTree = "<group>"; };
		437B9B3E23E57240000A8472 /* Habit.swift */ = {isa = PBXFileReference; lastKnownFileType = sourcecode.swift; path = Habit.swift; sourceTree = "<group>"; };
		43834D7623EC520D00A85429 /* StatisticsView.swift */ = {isa = PBXFileReference; lastKnownFileType = sourcecode.swift; path = StatisticsView.swift; sourceTree = "<group>"; };
		43834D7823ED528300A85429 /* Habit TrackerDebug.entitlements */ = {isa = PBXFileReference; lastKnownFileType = text.plist.entitlements; path = "Habit TrackerDebug.entitlements"; sourceTree = "<group>"; };
		43834D7923ED52A000A85429 /* Habit Tracker.entitlements */ = {isa = PBXFileReference; lastKnownFileType = text.plist.entitlements; path = "Habit Tracker.entitlements"; sourceTree = "<group>"; };
		438C4E5E23E85D48009FC44F /* SettingListView.swift */ = {isa = PBXFileReference; lastKnownFileType = sourcecode.swift; path = SettingListView.swift; sourceTree = "<group>"; };
		438C4E6023E85D6F009FC44F /* SetingCellView.swift */ = {isa = PBXFileReference; lastKnownFileType = sourcecode.swift; path = SetingCellView.swift; sourceTree = "<group>"; };
		438C4E6223E85E35009FC44F /* SettingItem.swift */ = {isa = PBXFileReference; lastKnownFileType = sourcecode.swift; path = SettingItem.swift; sourceTree = "<group>"; };
		455EB067A356646485BDE272 /* Pods-HabitTracker.release.xcconfig */ = {isa = PBXFileReference; includeInIndex = 1; lastKnownFileType = text.xcconfig; name = "Pods-HabitTracker.release.xcconfig"; path = "Target Support Files/Pods-HabitTracker/Pods-HabitTracker.release.xcconfig"; sourceTree = "<group>"; };
		60BC50F9D7E22C033E34A9B9 /* Pods-HabitTracker-HabitTrackerUITests.debug.xcconfig */ = {isa = PBXFileReference; includeInIndex = 1; lastKnownFileType = text.xcconfig; name = "Pods-HabitTracker-HabitTrackerUITests.debug.xcconfig"; path = "Target Support Files/Pods-HabitTracker-HabitTrackerUITests/Pods-HabitTracker-HabitTrackerUITests.debug.xcconfig"; sourceTree = "<group>"; };
		77CFAACBDAE186C6A2103E46 /* Pods-HabitTrackerTests.debug.xcconfig */ = {isa = PBXFileReference; includeInIndex = 1; lastKnownFileType = text.xcconfig; name = "Pods-HabitTrackerTests.debug.xcconfig"; path = "Target Support Files/Pods-HabitTrackerTests/Pods-HabitTrackerTests.debug.xcconfig"; sourceTree = "<group>"; };
		81818059DD405A9AF73B6F33 /* Pods_HabitTrackerTests.framework */ = {isa = PBXFileReference; explicitFileType = wrapper.framework; includeInIndex = 0; path = Pods_HabitTrackerTests.framework; sourceTree = BUILT_PRODUCTS_DIR; };
		C91903FB832AC069BAE4C121 /* Pods_HabitTracker_HabitTrackerUITests.framework */ = {isa = PBXFileReference; explicitFileType = wrapper.framework; includeInIndex = 0; path = Pods_HabitTracker_HabitTrackerUITests.framework; sourceTree = BUILT_PRODUCTS_DIR; };
		E4155838CA1F8717CC22792D /* Pods-HabitTrackerTests.release.xcconfig */ = {isa = PBXFileReference; includeInIndex = 1; lastKnownFileType = text.xcconfig; name = "Pods-HabitTrackerTests.release.xcconfig"; path = "Target Support Files/Pods-HabitTrackerTests/Pods-HabitTrackerTests.release.xcconfig"; sourceTree = "<group>"; };
		FD5A6C1D01743D3E7DE4D8A1 /* Pods-HabitTracker-HabitTrackerUITests.release.xcconfig */ = {isa = PBXFileReference; includeInIndex = 1; lastKnownFileType = text.xcconfig; name = "Pods-HabitTracker-HabitTrackerUITests.release.xcconfig"; path = "Target Support Files/Pods-HabitTracker-HabitTrackerUITests/Pods-HabitTracker-HabitTrackerUITests.release.xcconfig"; sourceTree = "<group>"; };
		FDE7FE0E77017060B0437857 /* Pods_HabitTracker.framework */ = {isa = PBXFileReference; explicitFileType = wrapper.framework; includeInIndex = 0; path = Pods_HabitTracker.framework; sourceTree = BUILT_PRODUCTS_DIR; };
/* End PBXFileReference section */

/* Begin PBXFrameworksBuildPhase section */
		437B9AFE23E56EAB000A8472 /* Frameworks */ = {
			isa = PBXFrameworksBuildPhase;
			buildActionMask = 2147483647;
			files = (
				D14A5FB2041D7DE9838CF51B /* Pods_HabitTracker.framework in Frameworks */,
				43834D7523EC51B600A85429 /* SwiftUICharts in Frameworks */,
			);
			runOnlyForDeploymentPostprocessing = 0;
		};
		437B9B1723E56EAD000A8472 /* Frameworks */ = {
			isa = PBXFrameworksBuildPhase;
			buildActionMask = 2147483647;
			files = (
				E5B1FC8B87C2E0DF4D810725 /* Pods_HabitTrackerTests.framework in Frameworks */,
			);
			runOnlyForDeploymentPostprocessing = 0;
		};
		437B9B2223E56EAD000A8472 /* Frameworks */ = {
			isa = PBXFrameworksBuildPhase;
			buildActionMask = 2147483647;
			files = (
				5D868FDF9AA06DE36BC60F6A /* Pods_HabitTracker_HabitTrackerUITests.framework in Frameworks */,
			);
			runOnlyForDeploymentPostprocessing = 0;
		};
/* End PBXFrameworksBuildPhase section */

/* Begin PBXGroup section */
		433F154D23E73B23009326C9 /* ViewModel */ = {
			isa = PBXGroup;
			children = (
				433F154E23E73B3D009326C9 /* HabitsViewModel.swift */,
				4305FB6823EA9C3B009B70C2 /* AuthViewModel.swift */,
				4379A35E23FEA90F00B11F5C /* FirebaseSession.swift */,
			);
			path = ViewModel;
			sourceTree = "<group>";
		};
		437B9AF823E56EAB000A8472 = {
			isa = PBXGroup;
			children = (
				437B9B0323E56EAB000A8472 /* HabitTracker */,
				437B9B1D23E56EAD000A8472 /* HabitTrackerTests */,
				437B9B2823E56EAD000A8472 /* HabitTrackerUITests */,
				437B9B0223E56EAB000A8472 /* Products */,
				562FDCE3E878B4DCC70548BE /* Pods */,
				620983435760DC09C158E64D /* Frameworks */,
			);
			sourceTree = "<group>";
		};
		437B9B0223E56EAB000A8472 /* Products */ = {
			isa = PBXGroup;
			children = (
				437B9B0123E56EAB000A8472 /* Habit Tracker.app */,
				437B9B1A23E56EAD000A8472 /* HabitTrackerTests.xctest */,
				437B9B2523E56EAD000A8472 /* HabitTrackerUITests.xctest */,
			);
			name = Products;
			sourceTree = "<group>";
		};
		437B9B0323E56EAB000A8472 /* HabitTracker */ = {
			isa = PBXGroup;
			children = (
				43834D7923ED52A000A85429 /* Habit Tracker.entitlements */,
				43834D7823ED528300A85429 /* Habit TrackerDebug.entitlements */,
				433F154D23E73B23009326C9 /* ViewModel */,
				437B9B4023E57246000A8472 /* Model */,
				437B9B3723E570E8000A8472 /* View */,
				437B9B0423E56EAB000A8472 /* AppDelegate.swift */,
				437B9B0623E56EAB000A8472 /* SceneDelegate.swift */,
				437B9B0B23E56EAC000A8472 /* ContentView.swift */,
				437B9B0D23E56EAD000A8472 /* Assets.xcassets */,
				437B9B1223E56EAD000A8472 /* LaunchScreen.storyboard */,
				437B9B1523E56EAD000A8472 /* Info.plist */,
				4305FB6A23EAB89F009B70C2 /* GoogleService-Info.plist */,
				437B9B0823E56EAC000A8472 /* HabitTracker.xcdatamodeld */,
				437B9B0F23E56EAD000A8472 /* Preview Content */,
			);
			path = HabitTracker;
			sourceTree = "<group>";
		};
		437B9B0F23E56EAD000A8472 /* Preview Content */ = {
			isa = PBXGroup;
			children = (
				437B9B1023E56EAD000A8472 /* Preview Assets.xcassets */,
			);
			path = "Preview Content";
			sourceTree = "<group>";
		};
		437B9B1D23E56EAD000A8472 /* HabitTrackerTests */ = {
			isa = PBXGroup;
			children = (
				437B9B1E23E56EAD000A8472 /* HabitTrackerTests.swift */,
				437B9B2023E56EAD000A8472 /* Info.plist */,
			);
			path = HabitTrackerTests;
			sourceTree = "<group>";
		};
		437B9B2823E56EAD000A8472 /* HabitTrackerUITests */ = {
			isa = PBXGroup;
			children = (
				437B9B2923E56EAD000A8472 /* HabitTrackerUITests.swift */,
				437B9B2B23E56EAD000A8472 /* Info.plist */,
			);
			path = HabitTrackerUITests;
			sourceTree = "<group>";
		};
		437B9B3723E570E8000A8472 /* View */ = {
			isa = PBXGroup;
			children = (
				437B9B3823E5710E000A8472 /* HabitDetailView.swift */,
				437B9B3A23E57127000A8472 /* HabitCellView.swift */,
				437B9B3C23E57148000A8472 /* HabitListView.swift */,
				437042F523FC96DD003FB522 /* TemplateListView.swift */,
				438C4E5E23E85D48009FC44F /* SettingListView.swift */,
				438C4E6023E85D6F009FC44F /* SetingCellView.swift */,
				43834D7623EC520D00A85429 /* StatisticsView.swift */,
				437042F323FC926E003FB522 /* CreateHabitView.swift */,
				4379A36023FEB2B700B11F5C /* LoginView.swift */,
			);
			path = View;
			sourceTree = "<group>";
		};
		437B9B4023E57246000A8472 /* Model */ = {
			isa = PBXGroup;
			children = (
				437B9B3E23E57240000A8472 /* Habit.swift */,
				438C4E6223E85E35009FC44F /* SettingItem.swift */,
				4379A35C23FE972D00B11F5C /* User.swift */,
			);
			path = Model;
			sourceTree = "<group>";
		};
		562FDCE3E878B4DCC70548BE /* Pods */ = {
			isa = PBXGroup;
			children = (
				2A872AA133DB7571C5748812 /* Pods-HabitTracker.debug.xcconfig */,
				455EB067A356646485BDE272 /* Pods-HabitTracker.release.xcconfig */,
				60BC50F9D7E22C033E34A9B9 /* Pods-HabitTracker-HabitTrackerUITests.debug.xcconfig */,
				FD5A6C1D01743D3E7DE4D8A1 /* Pods-HabitTracker-HabitTrackerUITests.release.xcconfig */,
				77CFAACBDAE186C6A2103E46 /* Pods-HabitTrackerTests.debug.xcconfig */,
				E4155838CA1F8717CC22792D /* Pods-HabitTrackerTests.release.xcconfig */,
			);
			path = Pods;
			sourceTree = "<group>";
		};
		620983435760DC09C158E64D /* Frameworks */ = {
			isa = PBXGroup;
			children = (
				FDE7FE0E77017060B0437857 /* Pods_HabitTracker.framework */,
				C91903FB832AC069BAE4C121 /* Pods_HabitTracker_HabitTrackerUITests.framework */,
				81818059DD405A9AF73B6F33 /* Pods_HabitTrackerTests.framework */,
			);
			name = Frameworks;
			sourceTree = "<group>";
		};
/* End PBXGroup section */

/* Begin PBXNativeTarget section */
		437B9B0023E56EAB000A8472 /* HabitTracker */ = {
			isa = PBXNativeTarget;
			buildConfigurationList = 437B9B2E23E56EAD000A8472 /* Build configuration list for PBXNativeTarget "HabitTracker" */;
			buildPhases = (
				883BC4F0E15F57A02CC7C416 /* [CP] Check Pods Manifest.lock */,
				437B9AFD23E56EAB000A8472 /* Sources */,
				437B9AFE23E56EAB000A8472 /* Frameworks */,
				437B9AFF23E56EAB000A8472 /* Resources */,
				5F6B969968D6AFA25F8B973B /* [CP] Embed Pods Frameworks */,
				84D59D8CC8439C47680C52C7 /* [CP] Copy Pods Resources */,
			);
			buildRules = (
			);
			dependencies = (
			);
			name = HabitTracker;
			packageProductDependencies = (
				43834D7423EC51B600A85429 /* SwiftUICharts */,
			);
			productName = HabitTracker;
			productReference = 437B9B0123E56EAB000A8472 /* Habit Tracker.app */;
			productType = "com.apple.product-type.application";
		};
		437B9B1923E56EAD000A8472 /* HabitTrackerTests */ = {
			isa = PBXNativeTarget;
			buildConfigurationList = 437B9B3123E56EAD000A8472 /* Build configuration list for PBXNativeTarget "HabitTrackerTests" */;
			buildPhases = (
				4972AE43761FE430C0F186F8 /* [CP] Check Pods Manifest.lock */,
				437B9B1623E56EAD000A8472 /* Sources */,
				437B9B1723E56EAD000A8472 /* Frameworks */,
				437B9B1823E56EAD000A8472 /* Resources */,
			);
			buildRules = (
			);
			dependencies = (
				438C4E5B23E84E8D009FC44F /* PBXTargetDependency */,
			);
			name = HabitTrackerTests;
			productName = HabitTrackerTests;
			productReference = 437B9B1A23E56EAD000A8472 /* HabitTrackerTests.xctest */;
			productType = "com.apple.product-type.bundle.unit-test";
		};
		437B9B2423E56EAD000A8472 /* HabitTrackerUITests */ = {
			isa = PBXNativeTarget;
			buildConfigurationList = 437B9B3423E56EAD000A8472 /* Build configuration list for PBXNativeTarget "HabitTrackerUITests" */;
			buildPhases = (
				B491A57A3972260BA1DF3112 /* [CP] Check Pods Manifest.lock */,
				437B9B2123E56EAD000A8472 /* Sources */,
				437B9B2223E56EAD000A8472 /* Frameworks */,
				437B9B2323E56EAD000A8472 /* Resources */,
				22F68B1A1AEE995B2EEB976D /* [CP] Embed Pods Frameworks */,
				54F4BC88AE43E5C6CD7CC1C5 /* [CP] Copy Pods Resources */,
			);
			buildRules = (
			);
			dependencies = (
				438C4E5D23E84E92009FC44F /* PBXTargetDependency */,
			);
			name = HabitTrackerUITests;
			productName = HabitTrackerUITests;
			productReference = 437B9B2523E56EAD000A8472 /* HabitTrackerUITests.xctest */;
			productType = "com.apple.product-type.bundle.ui-testing";
		};
/* End PBXNativeTarget section */

/* Begin PBXProject section */
		437B9AF923E56EAB000A8472 /* Project object */ = {
			isa = PBXProject;
			attributes = {
				LastSwiftUpdateCheck = 1130;
				LastUpgradeCheck = 1130;
				ORGANIZATIONNAME = Codeswiftr;
				TargetAttributes = {
					437B9B0023E56EAB000A8472 = {
						CreatedOnToolsVersion = 11.3.1;
					};
					437B9B1923E56EAD000A8472 = {
						CreatedOnToolsVersion = 11.3.1;
						TestTargetID = 437B9B0023E56EAB000A8472;
					};
					437B9B2423E56EAD000A8472 = {
						CreatedOnToolsVersion = 11.3.1;
						TestTargetID = 437B9B0023E56EAB000A8472;
					};
				};
			};
			buildConfigurationList = 437B9AFC23E56EAB000A8472 /* Build configuration list for PBXProject "HabitTracker" */;
			compatibilityVersion = "Xcode 9.3";
			developmentRegion = en;
			hasScannedForEncodings = 0;
			knownRegions = (
				en,
				Base,
			);
			mainGroup = 437B9AF823E56EAB000A8472;
			packageReferences = (
				43834D7323EC51B600A85429 /* XCRemoteSwiftPackageReference "ChartView" */,
			);
			productRefGroup = 437B9B0223E56EAB000A8472 /* Products */;
			projectDirPath = "";
			projectRoot = "";
			targets = (
				437B9B0023E56EAB000A8472 /* HabitTracker */,
				437B9B1923E56EAD000A8472 /* HabitTrackerTests */,
				437B9B2423E56EAD000A8472 /* HabitTrackerUITests */,
			);
		};
/* End PBXProject section */

/* Begin PBXResourcesBuildPhase section */
		437B9AFF23E56EAB000A8472 /* Resources */ = {
			isa = PBXResourcesBuildPhase;
			buildActionMask = 2147483647;
			files = (
				437B9B1423E56EAD000A8472 /* LaunchScreen.storyboard in Resources */,
				4305FB6B23EAB89F009B70C2 /* GoogleService-Info.plist in Resources */,
				437B9B1123E56EAD000A8472 /* Preview Assets.xcassets in Resources */,
				437B9B0E23E56EAD000A8472 /* Assets.xcassets in Resources */,
			);
			runOnlyForDeploymentPostprocessing = 0;
		};
		437B9B1823E56EAD000A8472 /* Resources */ = {
			isa = PBXResourcesBuildPhase;
			buildActionMask = 2147483647;
			files = (
			);
			runOnlyForDeploymentPostprocessing = 0;
		};
		437B9B2323E56EAD000A8472 /* Resources */ = {
			isa = PBXResourcesBuildPhase;
			buildActionMask = 2147483647;
			files = (
			);
			runOnlyForDeploymentPostprocessing = 0;
		};
/* End PBXResourcesBuildPhase section */

/* Begin PBXShellScriptBuildPhase section */
		22F68B1A1AEE995B2EEB976D /* [CP] Embed Pods Frameworks */ = {
			isa = PBXShellScriptBuildPhase;
			buildActionMask = 2147483647;
			files = (
			);
			inputFileListPaths = (
				"${PODS_ROOT}/Target Support Files/Pods-HabitTracker-HabitTrackerUITests/Pods-HabitTracker-HabitTrackerUITests-frameworks-${CONFIGURATION}-input-files.xcfilelist",
			);
			name = "[CP] Embed Pods Frameworks";
			outputFileListPaths = (
				"${PODS_ROOT}/Target Support Files/Pods-HabitTracker-HabitTrackerUITests/Pods-HabitTracker-HabitTrackerUITests-frameworks-${CONFIGURATION}-output-files.xcfilelist",
			);
			runOnlyForDeploymentPostprocessing = 0;
			shellPath = /bin/sh;
			shellScript = "\"${PODS_ROOT}/Target Support Files/Pods-HabitTracker-HabitTrackerUITests/Pods-HabitTracker-HabitTrackerUITests-frameworks.sh\"\n";
			showEnvVarsInLog = 0;
		};
		4972AE43761FE430C0F186F8 /* [CP] Check Pods Manifest.lock */ = {
			isa = PBXShellScriptBuildPhase;
			buildActionMask = 2147483647;
			files = (
			);
			inputFileListPaths = (
			);
			inputPaths = (
				"${PODS_PODFILE_DIR_PATH}/Podfile.lock",
				"${PODS_ROOT}/Manifest.lock",
			);
			name = "[CP] Check Pods Manifest.lock";
			outputFileListPaths = (
			);
			outputPaths = (
				"$(DERIVED_FILE_DIR)/Pods-HabitTrackerTests-checkManifestLockResult.txt",
			);
			runOnlyForDeploymentPostprocessing = 0;
			shellPath = /bin/sh;
			shellScript = "diff \"${PODS_PODFILE_DIR_PATH}/Podfile.lock\" \"${PODS_ROOT}/Manifest.lock\" > /dev/null\nif [ $? != 0 ] ; then\n    # print error to STDERR\n    echo \"error: The sandbox is not in sync with the Podfile.lock. Run 'pod install' or update your CocoaPods installation.\" >&2\n    exit 1\nfi\n# This output is used by Xcode 'outputs' to avoid re-running this script phase.\necho \"SUCCESS\" > \"${SCRIPT_OUTPUT_FILE_0}\"\n";
			showEnvVarsInLog = 0;
		};
		54F4BC88AE43E5C6CD7CC1C5 /* [CP] Copy Pods Resources */ = {
			isa = PBXShellScriptBuildPhase;
			buildActionMask = 2147483647;
			files = (
			);
			inputFileListPaths = (
				"${PODS_ROOT}/Target Support Files/Pods-HabitTracker-HabitTrackerUITests/Pods-HabitTracker-HabitTrackerUITests-resources-${CONFIGURATION}-input-files.xcfilelist",
			);
			name = "[CP] Copy Pods Resources";
			outputFileListPaths = (
				"${PODS_ROOT}/Target Support Files/Pods-HabitTracker-HabitTrackerUITests/Pods-HabitTracker-HabitTrackerUITests-resources-${CONFIGURATION}-output-files.xcfilelist",
			);
			runOnlyForDeploymentPostprocessing = 0;
			shellPath = /bin/sh;
			shellScript = "\"${PODS_ROOT}/Target Support Files/Pods-HabitTracker-HabitTrackerUITests/Pods-HabitTracker-HabitTrackerUITests-resources.sh\"\n";
			showEnvVarsInLog = 0;
		};
		5F6B969968D6AFA25F8B973B /* [CP] Embed Pods Frameworks */ = {
			isa = PBXShellScriptBuildPhase;
			buildActionMask = 2147483647;
			files = (
			);
			inputFileListPaths = (
				"${PODS_ROOT}/Target Support Files/Pods-HabitTracker/Pods-HabitTracker-frameworks-${CONFIGURATION}-input-files.xcfilelist",
			);
			name = "[CP] Embed Pods Frameworks";
			outputFileListPaths = (
				"${PODS_ROOT}/Target Support Files/Pods-HabitTracker/Pods-HabitTracker-frameworks-${CONFIGURATION}-output-files.xcfilelist",
			);
			runOnlyForDeploymentPostprocessing = 0;
			shellPath = /bin/sh;
			shellScript = "\"${PODS_ROOT}/Target Support Files/Pods-HabitTracker/Pods-HabitTracker-frameworks.sh\"\n";
			showEnvVarsInLog = 0;
		};
		84D59D8CC8439C47680C52C7 /* [CP] Copy Pods Resources */ = {
			isa = PBXShellScriptBuildPhase;
			buildActionMask = 2147483647;
			files = (
			);
			inputFileListPaths = (
				"${PODS_ROOT}/Target Support Files/Pods-HabitTracker/Pods-HabitTracker-resources-${CONFIGURATION}-input-files.xcfilelist",
			);
			name = "[CP] Copy Pods Resources";
			outputFileListPaths = (
				"${PODS_ROOT}/Target Support Files/Pods-HabitTracker/Pods-HabitTracker-resources-${CONFIGURATION}-output-files.xcfilelist",
			);
			runOnlyForDeploymentPostprocessing = 0;
			shellPath = /bin/sh;
			shellScript = "\"${PODS_ROOT}/Target Support Files/Pods-HabitTracker/Pods-HabitTracker-resources.sh\"\n";
			showEnvVarsInLog = 0;
		};
		883BC4F0E15F57A02CC7C416 /* [CP] Check Pods Manifest.lock */ = {
			isa = PBXShellScriptBuildPhase;
			buildActionMask = 2147483647;
			files = (
			);
			inputFileListPaths = (
			);
			inputPaths = (
				"${PODS_PODFILE_DIR_PATH}/Podfile.lock",
				"${PODS_ROOT}/Manifest.lock",
			);
			name = "[CP] Check Pods Manifest.lock";
			outputFileListPaths = (
			);
			outputPaths = (
				"$(DERIVED_FILE_DIR)/Pods-HabitTracker-checkManifestLockResult.txt",
			);
			runOnlyForDeploymentPostprocessing = 0;
			shellPath = /bin/sh;
			shellScript = "diff \"${PODS_PODFILE_DIR_PATH}/Podfile.lock\" \"${PODS_ROOT}/Manifest.lock\" > /dev/null\nif [ $? != 0 ] ; then\n    # print error to STDERR\n    echo \"error: The sandbox is not in sync with the Podfile.lock. Run 'pod install' or update your CocoaPods installation.\" >&2\n    exit 1\nfi\n# This output is used by Xcode 'outputs' to avoid re-running this script phase.\necho \"SUCCESS\" > \"${SCRIPT_OUTPUT_FILE_0}\"\n";
			showEnvVarsInLog = 0;
		};
		B491A57A3972260BA1DF3112 /* [CP] Check Pods Manifest.lock */ = {
			isa = PBXShellScriptBuildPhase;
			buildActionMask = 2147483647;
			files = (
			);
			inputFileListPaths = (
			);
			inputPaths = (
				"${PODS_PODFILE_DIR_PATH}/Podfile.lock",
				"${PODS_ROOT}/Manifest.lock",
			);
			name = "[CP] Check Pods Manifest.lock";
			outputFileListPaths = (
			);
			outputPaths = (
				"$(DERIVED_FILE_DIR)/Pods-HabitTracker-HabitTrackerUITests-checkManifestLockResult.txt",
			);
			runOnlyForDeploymentPostprocessing = 0;
			shellPath = /bin/sh;
			shellScript = "diff \"${PODS_PODFILE_DIR_PATH}/Podfile.lock\" \"${PODS_ROOT}/Manifest.lock\" > /dev/null\nif [ $? != 0 ] ; then\n    # print error to STDERR\n    echo \"error: The sandbox is not in sync with the Podfile.lock. Run 'pod install' or update your CocoaPods installation.\" >&2\n    exit 1\nfi\n# This output is used by Xcode 'outputs' to avoid re-running this script phase.\necho \"SUCCESS\" > \"${SCRIPT_OUTPUT_FILE_0}\"\n";
			showEnvVarsInLog = 0;
		};
/* End PBXShellScriptBuildPhase section */

/* Begin PBXSourcesBuildPhase section */
		437B9AFD23E56EAB000A8472 /* Sources */ = {
			isa = PBXSourcesBuildPhase;
			buildActionMask = 2147483647;
			files = (
				437B9B0523E56EAB000A8472 /* AppDelegate.swift in Sources */,
				438C4E5F23E85D48009FC44F /* SettingListView.swift in Sources */,
				438C4E6123E85D6F009FC44F /* SetingCellView.swift in Sources */,
				437042F423FC926E003FB522 /* CreateHabitView.swift in Sources */,
				437042F623FC96DD003FB522 /* TemplateListView.swift in Sources */,
				43834D7723EC520D00A85429 /* StatisticsView.swift in Sources */,
				437B9B0723E56EAB000A8472 /* SceneDelegate.swift in Sources */,
				4379A35D23FE972D00B11F5C /* User.swift in Sources */,
				437B9B0C23E56EAC000A8472 /* ContentView.swift in Sources */,
				438C4E6323E85E35009FC44F /* SettingItem.swift in Sources */,
				437B9B3D23E57148000A8472 /* HabitListView.swift in Sources */,
				437B9B3B23E57127000A8472 /* HabitCellView.swift in Sources */,
				437B9B0A23E56EAC000A8472 /* HabitTracker.xcdatamodeld in Sources */,
				433F154F23E73B3D009326C9 /* HabitsViewModel.swift in Sources */,
				437B9B3F23E57240000A8472 /* Habit.swift in Sources */,
				4379A35F23FEA90F00B11F5C /* FirebaseSession.swift in Sources */,
				4379A36123FEB2B700B11F5C /* LoginView.swift in Sources */,
				4305FB6923EA9C3B009B70C2 /* AuthViewModel.swift in Sources */,
				437B9B3923E5710E000A8472 /* HabitDetailView.swift in Sources */,
			);
			runOnlyForDeploymentPostprocessing = 0;
		};
		437B9B1623E56EAD000A8472 /* Sources */ = {
			isa = PBXSourcesBuildPhase;
			buildActionMask = 2147483647;
			files = (
				437B9B1F23E56EAD000A8472 /* HabitTrackerTests.swift in Sources */,
			);
			runOnlyForDeploymentPostprocessing = 0;
		};
		437B9B2123E56EAD000A8472 /* Sources */ = {
			isa = PBXSourcesBuildPhase;
			buildActionMask = 2147483647;
			files = (
				437B9B2A23E56EAD000A8472 /* HabitTrackerUITests.swift in Sources */,
			);
			runOnlyForDeploymentPostprocessing = 0;
		};
/* End PBXSourcesBuildPhase section */

/* Begin PBXTargetDependency section */
		438C4E5B23E84E8D009FC44F /* PBXTargetDependency */ = {
			isa = PBXTargetDependency;
			target = 437B9B0023E56EAB000A8472 /* HabitTracker */;
			targetProxy = 438C4E5A23E84E8D009FC44F /* PBXContainerItemProxy */;
		};
		438C4E5D23E84E92009FC44F /* PBXTargetDependency */ = {
			isa = PBXTargetDependency;
			target = 437B9B0023E56EAB000A8472 /* HabitTracker */;
			targetProxy = 438C4E5C23E84E92009FC44F /* PBXContainerItemProxy */;
		};
/* End PBXTargetDependency section */

/* Begin PBXVariantGroup section */
		437B9B1223E56EAD000A8472 /* LaunchScreen.storyboard */ = {
			isa = PBXVariantGroup;
			children = (
				437B9B1323E56EAD000A8472 /* Base */,
			);
			name = LaunchScreen.storyboard;
			sourceTree = "<group>";
		};
/* End PBXVariantGroup section */

/* Begin XCBuildConfiguration section */
		437B9B2C23E56EAD000A8472 /* Debug */ = {
			isa = XCBuildConfiguration;
			buildSettings = {
				ALWAYS_SEARCH_USER_PATHS = NO;
				CLANG_ANALYZER_NONNULL = YES;
				CLANG_ANALYZER_NUMBER_OBJECT_CONVERSION = YES_AGGRESSIVE;
				CLANG_CXX_LANGUAGE_STANDARD = "gnu++14";
				CLANG_CXX_LIBRARY = "libc++";
				CLANG_ENABLE_MODULES = YES;
				CLANG_ENABLE_OBJC_ARC = YES;
				CLANG_ENABLE_OBJC_WEAK = YES;
				CLANG_WARN_BLOCK_CAPTURE_AUTORELEASING = YES;
				CLANG_WARN_BOOL_CONVERSION = YES;
				CLANG_WARN_COMMA = YES;
				CLANG_WARN_CONSTANT_CONVERSION = YES;
				CLANG_WARN_DEPRECATED_OBJC_IMPLEMENTATIONS = YES;
				CLANG_WARN_DIRECT_OBJC_ISA_USAGE = YES_ERROR;
				CLANG_WARN_DOCUMENTATION_COMMENTS = YES;
				CLANG_WARN_EMPTY_BODY = YES;
				CLANG_WARN_ENUM_CONVERSION = YES;
				CLANG_WARN_INFINITE_RECURSION = YES;
				CLANG_WARN_INT_CONVERSION = YES;
				CLANG_WARN_NON_LITERAL_NULL_CONVERSION = YES;
				CLANG_WARN_OBJC_IMPLICIT_RETAIN_SELF = YES;
				CLANG_WARN_OBJC_LITERAL_CONVERSION = YES;
				CLANG_WARN_OBJC_ROOT_CLASS = YES_ERROR;
				CLANG_WARN_RANGE_LOOP_ANALYSIS = YES;
				CLANG_WARN_STRICT_PROTOTYPES = YES;
				CLANG_WARN_SUSPICIOUS_MOVE = YES;
				CLANG_WARN_UNGUARDED_AVAILABILITY = YES_AGGRESSIVE;
				CLANG_WARN_UNREACHABLE_CODE = YES;
				CLANG_WARN__DUPLICATE_METHOD_MATCH = YES;
				COPY_PHASE_STRIP = NO;
				DEBUG_INFORMATION_FORMAT = dwarf;
				ENABLE_STRICT_OBJC_MSGSEND = YES;
				ENABLE_TESTABILITY = YES;
				GCC_C_LANGUAGE_STANDARD = gnu11;
				GCC_DYNAMIC_NO_PIC = NO;
				GCC_NO_COMMON_BLOCKS = YES;
				GCC_OPTIMIZATION_LEVEL = 0;
				GCC_PREPROCESSOR_DEFINITIONS = (
					"DEBUG=1",
					"$(inherited)",
				);
				GCC_WARN_64_TO_32_BIT_CONVERSION = YES;
				GCC_WARN_ABOUT_RETURN_TYPE = YES_ERROR;
				GCC_WARN_UNDECLARED_SELECTOR = YES;
				GCC_WARN_UNINITIALIZED_AUTOS = YES_AGGRESSIVE;
				GCC_WARN_UNUSED_FUNCTION = YES;
				GCC_WARN_UNUSED_VARIABLE = YES;
				IPHONEOS_DEPLOYMENT_TARGET = 13.2;
				MTL_ENABLE_DEBUG_INFO = INCLUDE_SOURCE;
				MTL_FAST_MATH = YES;
				ONLY_ACTIVE_ARCH = YES;
				SDKROOT = iphoneos;
				SWIFT_ACTIVE_COMPILATION_CONDITIONS = DEBUG;
				SWIFT_OPTIMIZATION_LEVEL = "-Onone";
			};
			name = Debug;
		};
		437B9B2D23E56EAD000A8472 /* Release */ = {
			isa = XCBuildConfiguration;
			buildSettings = {
				ALWAYS_SEARCH_USER_PATHS = NO;
				CLANG_ANALYZER_NONNULL = YES;
				CLANG_ANALYZER_NUMBER_OBJECT_CONVERSION = YES_AGGRESSIVE;
				CLANG_CXX_LANGUAGE_STANDARD = "gnu++14";
				CLANG_CXX_LIBRARY = "libc++";
				CLANG_ENABLE_MODULES = YES;
				CLANG_ENABLE_OBJC_ARC = YES;
				CLANG_ENABLE_OBJC_WEAK = YES;
				CLANG_WARN_BLOCK_CAPTURE_AUTORELEASING = YES;
				CLANG_WARN_BOOL_CONVERSION = YES;
				CLANG_WARN_COMMA = YES;
				CLANG_WARN_CONSTANT_CONVERSION = YES;
				CLANG_WARN_DEPRECATED_OBJC_IMPLEMENTATIONS = YES;
				CLANG_WARN_DIRECT_OBJC_ISA_USAGE = YES_ERROR;
				CLANG_WARN_DOCUMENTATION_COMMENTS = YES;
				CLANG_WARN_EMPTY_BODY = YES;
				CLANG_WARN_ENUM_CONVERSION = YES;
				CLANG_WARN_INFINITE_RECURSION = YES;
				CLANG_WARN_INT_CONVERSION = YES;
				CLANG_WARN_NON_LITERAL_NULL_CONVERSION = YES;
				CLANG_WARN_OBJC_IMPLICIT_RETAIN_SELF = YES;
				CLANG_WARN_OBJC_LITERAL_CONVERSION = YES;
				CLANG_WARN_OBJC_ROOT_CLASS = YES_ERROR;
				CLANG_WARN_RANGE_LOOP_ANALYSIS = YES;
				CLANG_WARN_STRICT_PROTOTYPES = YES;
				CLANG_WARN_SUSPICIOUS_MOVE = YES;
				CLANG_WARN_UNGUARDED_AVAILABILITY = YES_AGGRESSIVE;
				CLANG_WARN_UNREACHABLE_CODE = YES;
				CLANG_WARN__DUPLICATE_METHOD_MATCH = YES;
				COPY_PHASE_STRIP = NO;
				DEBUG_INFORMATION_FORMAT = "dwarf-with-dsym";
				ENABLE_NS_ASSERTIONS = NO;
				ENABLE_STRICT_OBJC_MSGSEND = YES;
				GCC_C_LANGUAGE_STANDARD = gnu11;
				GCC_NO_COMMON_BLOCKS = YES;
				GCC_WARN_64_TO_32_BIT_CONVERSION = YES;
				GCC_WARN_ABOUT_RETURN_TYPE = YES_ERROR;
				GCC_WARN_UNDECLARED_SELECTOR = YES;
				GCC_WARN_UNINITIALIZED_AUTOS = YES_AGGRESSIVE;
				GCC_WARN_UNUSED_FUNCTION = YES;
				GCC_WARN_UNUSED_VARIABLE = YES;
				IPHONEOS_DEPLOYMENT_TARGET = 13.2;
				MTL_ENABLE_DEBUG_INFO = NO;
				MTL_FAST_MATH = YES;
				SDKROOT = iphoneos;
				SWIFT_OPTIMIZATION_LEVEL = "-Onone";
				VALIDATE_PRODUCT = YES;
			};
			name = Release;
		};
		437B9B2F23E56EAD000A8472 /* Debug */ = {
			isa = XCBuildConfiguration;
			baseConfigurationReference = 2A872AA133DB7571C5748812 /* Pods-HabitTracker.debug.xcconfig */;
			buildSettings = {
				ASSETCATALOG_COMPILER_APPICON_NAME = AppIcon;
				CODE_SIGN_ENTITLEMENTS = "HabitTracker/Habit TrackerDebug.entitlements";
				CODE_SIGN_STYLE = Automatic;
				DEVELOPMENT_ASSET_PATHS = "\"HabitTracker/Preview Content\"";
				DEVELOPMENT_TEAM = GLKDB2BTQG;
				ENABLE_PREVIEWS = YES;
				INFOPLIST_FILE = HabitTracker/Info.plist;
				LD_RUNPATH_SEARCH_PATHS = (
					"$(inherited)",
					"@executable_path/Frameworks",
				);
				PRODUCT_BUNDLE_IDENTIFIER = com.codeswiftr.habittracker;
				PRODUCT_NAME = "Habit Tracker";
				SWIFT_VERSION = 5.0;
				TARGETED_DEVICE_FAMILY = "1,2";
			};
			name = Debug;
		};
		437B9B3023E56EAD000A8472 /* Release */ = {
			isa = XCBuildConfiguration;
			baseConfigurationReference = 455EB067A356646485BDE272 /* Pods-HabitTracker.release.xcconfig */;
			buildSettings = {
				ASSETCATALOG_COMPILER_APPICON_NAME = AppIcon;
				CODE_SIGN_ENTITLEMENTS = "HabitTracker/Habit Tracker.entitlements";
				CODE_SIGN_STYLE = Automatic;
				DEVELOPMENT_ASSET_PATHS = "\"HabitTracker/Preview Content\"";
				DEVELOPMENT_TEAM = GLKDB2BTQG;
				ENABLE_PREVIEWS = YES;
				INFOPLIST_FILE = HabitTracker/Info.plist;
				LD_RUNPATH_SEARCH_PATHS = (
					"$(inherited)",
					"@executable_path/Frameworks",
				);
				PRODUCT_BUNDLE_IDENTIFIER = com.codeswiftr.habittracker;
				PRODUCT_NAME = "Habit Tracker";
				SWIFT_VERSION = 5.0;
				TARGETED_DEVICE_FAMILY = "1,2";
			};
			name = Release;
		};
		437B9B3223E56EAD000A8472 /* Debug */ = {
			isa = XCBuildConfiguration;
			baseConfigurationReference = 77CFAACBDAE186C6A2103E46 /* Pods-HabitTrackerTests.debug.xcconfig */;
			buildSettings = {
				ALWAYS_EMBED_SWIFT_STANDARD_LIBRARIES = YES;
				BUNDLE_LOADER = "$(TEST_HOST)";
				CODE_SIGN_STYLE = Automatic;
				DEVELOPMENT_TEAM = GLKDB2BTQG;
				INFOPLIST_FILE = HabitTrackerTests/Info.plist;
				IPHONEOS_DEPLOYMENT_TARGET = 13.2;
				LD_RUNPATH_SEARCH_PATHS = (
					"$(inherited)",
					"@executable_path/Frameworks",
					"@loader_path/Frameworks",
				);
				PRODUCT_BUNDLE_IDENTIFIER = com.codeswiftr.HabitTrackerTests;
				PRODUCT_NAME = "$(TARGET_NAME)";
				SWIFT_VERSION = 5.0;
				TARGETED_DEVICE_FAMILY = "1,2";
				TEST_HOST = "$(BUILT_PRODUCTS_DIR)/HabitTracker.app/HabitTracker";
			};
			name = Debug;
		};
		437B9B3323E56EAD000A8472 /* Release */ = {
			isa = XCBuildConfiguration;
			baseConfigurationReference = E4155838CA1F8717CC22792D /* Pods-HabitTrackerTests.release.xcconfig */;
			buildSettings = {
				ALWAYS_EMBED_SWIFT_STANDARD_LIBRARIES = YES;
				BUNDLE_LOADER = "$(TEST_HOST)";
				CODE_SIGN_STYLE = Automatic;
				DEVELOPMENT_TEAM = GLKDB2BTQG;
				INFOPLIST_FILE = HabitTrackerTests/Info.plist;
				IPHONEOS_DEPLOYMENT_TARGET = 13.2;
				LD_RUNPATH_SEARCH_PATHS = (
					"$(inherited)",
					"@executable_path/Frameworks",
					"@loader_path/Frameworks",
				);
				PRODUCT_BUNDLE_IDENTIFIER = com.codeswiftr.HabitTrackerTests;
				PRODUCT_NAME = "$(TARGET_NAME)";
				SWIFT_VERSION = 5.0;
				TARGETED_DEVICE_FAMILY = "1,2";
				TEST_HOST = "$(BUILT_PRODUCTS_DIR)/HabitTracker.app/HabitTracker";
			};
			name = Release;
		};
		437B9B3523E56EAD000A8472 /* Debug */ = {
			isa = XCBuildConfiguration;
			baseConfigurationReference = 60BC50F9D7E22C033E34A9B9 /* Pods-HabitTracker-HabitTrackerUITests.debug.xcconfig */;
			buildSettings = {
				ALWAYS_EMBED_SWIFT_STANDARD_LIBRARIES = YES;
				CODE_SIGN_STYLE = Automatic;
				DEVELOPMENT_TEAM = GLKDB2BTQG;
				INFOPLIST_FILE = HabitTrackerUITests/Info.plist;
				LD_RUNPATH_SEARCH_PATHS = (
					"$(inherited)",
					"@executable_path/Frameworks",
					"@loader_path/Frameworks",
				);
				PRODUCT_BUNDLE_IDENTIFIER = com.codeswiftr.HabitTrackerUITests;
				PRODUCT_NAME = "$(TARGET_NAME)";
				SWIFT_VERSION = 5.0;
				TARGETED_DEVICE_FAMILY = "1,2";
				TEST_TARGET_NAME = HabitTracker;
			};
			name = Debug;
		};
		437B9B3623E56EAD000A8472 /* Release */ = {
			isa = XCBuildConfiguration;
			baseConfigurationReference = FD5A6C1D01743D3E7DE4D8A1 /* Pods-HabitTracker-HabitTrackerUITests.release.xcconfig */;
			buildSettings = {
				ALWAYS_EMBED_SWIFT_STANDARD_LIBRARIES = YES;
				CODE_SIGN_STYLE = Automatic;
				DEVELOPMENT_TEAM = GLKDB2BTQG;
				INFOPLIST_FILE = HabitTrackerUITests/Info.plist;
				LD_RUNPATH_SEARCH_PATHS = (
					"$(inherited)",
					"@executable_path/Frameworks",
					"@loader_path/Frameworks",
				);
				PRODUCT_BUNDLE_IDENTIFIER = com.codeswiftr.HabitTrackerUITests;
				PRODUCT_NAME = "$(TARGET_NAME)";
				SWIFT_VERSION = 5.0;
				TARGETED_DEVICE_FAMILY = "1,2";
				TEST_TARGET_NAME = HabitTracker;
			};
			name = Release;
		};
/* End XCBuildConfiguration section */

/* Begin XCConfigurationList section */
		437B9AFC23E56EAB000A8472 /* Build configuration list for PBXProject "HabitTracker" */ = {
			isa = XCConfigurationList;
			buildConfigurations = (
				437B9B2C23E56EAD000A8472 /* Debug */,
				437B9B2D23E56EAD000A8472 /* Release */,
			);
			defaultConfigurationIsVisible = 0;
			defaultConfigurationName = Release;
		};
		437B9B2E23E56EAD000A8472 /* Build configuration list for PBXNativeTarget "HabitTracker" */ = {
			isa = XCConfigurationList;
			buildConfigurations = (
				437B9B2F23E56EAD000A8472 /* Debug */,
				437B9B3023E56EAD000A8472 /* Release */,
			);
			defaultConfigurationIsVisible = 0;
			defaultConfigurationName = Release;
		};
		437B9B3123E56EAD000A8472 /* Build configuration list for PBXNativeTarget "HabitTrackerTests" */ = {
			isa = XCConfigurationList;
			buildConfigurations = (
				437B9B3223E56EAD000A8472 /* Debug */,
				437B9B3323E56EAD000A8472 /* Release */,
			);
			defaultConfigurationIsVisible = 0;
			defaultConfigurationName = Release;
		};
		437B9B3423E56EAD000A8472 /* Build configuration list for PBXNativeTarget "HabitTrackerUITests" */ = {
			isa = XCConfigurationList;
			buildConfigurations = (
				437B9B3523E56EAD000A8472 /* Debug */,
				437B9B3623E56EAD000A8472 /* Release */,
			);
			defaultConfigurationIsVisible = 0;
			defaultConfigurationName = Release;
		};
/* End XCConfigurationList section */

/* Begin XCRemoteSwiftPackageReference section */
		43834D7323EC51B600A85429 /* XCRemoteSwiftPackageReference "ChartView" */ = {
			isa = XCRemoteSwiftPackageReference;
			repositoryURL = "https://github.com/AppPear/ChartView";
			requirement = {
				kind = upToNextMajorVersion;
				minimumVersion = 1.4.7;
			};
		};
/* End XCRemoteSwiftPackageReference section */

/* Begin XCSwiftPackageProductDependency section */
		43834D7423EC51B600A85429 /* SwiftUICharts */ = {
			isa = XCSwiftPackageProductDependency;
			package = 43834D7323EC51B600A85429 /* XCRemoteSwiftPackageReference "ChartView" */;
			productName = SwiftUICharts;
		};
/* End XCSwiftPackageProductDependency section */

/* Begin XCVersionGroup section */
		437B9B0823E56EAC000A8472 /* HabitTracker.xcdatamodeld */ = {
			isa = XCVersionGroup;
			children = (
				437B9B0923E56EAC000A8472 /* HabitTracker.xcdatamodel */,
			);
			currentVersion = 437B9B0923E56EAC000A8472 /* HabitTracker.xcdatamodel */;
			path = HabitTracker.xcdatamodeld;
			sourceTree = "<group>";
			versionGroupType = wrapper.xcdatamodel;
		};
/* End XCVersionGroup section */
	};
	rootObject = 437B9AF923E56EAB000A8472 /* Project object */;
}
